<?xml version="1.0" encoding="UTF-8" standalone="yes" ?>
<CodeBlocks_project_file>
	<FileVersion major="1" minor="6" />
	<Project>
		<Option title="WestWorldWithMessaging" />
		<Option pch_mode="2" />
		<Option compiler="gcc" />
		<Build>
			<Target title="Debug Win32">
				<Option output="./Debug/WestWorldWithMessaging" prefix_auto="1" extension_auto="1" />
				<Option object_output="Debug" />
				<Option type="1" />
				<Option compiler="gcc" />
				<Compiler>
					<Add option="-DWIN32" />
					<Add option="-D_DEBUG" />
					<Add option="-D_CONSOLE" />
					<Add option="-W" />
					<Add option="-g" />
					<Add option="-O0" />
				</Compiler>
			</Target>
			<Target title="Release Win32">
				<Option output="./Release/WestWorldWithMessaging" prefix_auto="1" extension_auto="1" />
				<Option object_output="Release" />
				<Option type="1" />
				<Option compiler="gcc" />
				<Compiler>
					<Add option="-DWIN32" />
					<Add option="-DNDEBUG" />
					<Add option="-D_CONSOLE" />
					<Add option="-W" />
					<Add option="-O2" />
				</Compiler>
			</Target>
		</Build>
		<Unit filename="../../Common/2D/SVector2D.h" />
		<Unit filename="../../Common/ConsoleUtils.h" />
		<Unit filename="../../Common/FSM/State.h" />
		<Unit filename="../../Common/FSM/StateMachine.h" />
		<Unit filename="../../Common/Messaging/Telegram.h" />
		<Unit filename="../../Common/Time/CrudeTimer.cpp" />
		<Unit filename="../../Common/Time/CrudeTimer.h" />
		<Unit filename="../../Common/misc/ConsoleUtils.h" />
		<Unit filename="../../Common/misc/utils.h" />
		<Unit filename="../../Common/utils.h" />
		<Unit filename="BaseGameEntity.cpp" />
		<Unit filename="BaseGameEntity.h" />
		<Unit filename="EntityManager.cpp" />
		<Unit filename="EntityManager.h" />
		<Unit filename="EntityNames.h" />
		<Unit filename="Locations.h" />
		<Unit filename="MessageDispatcher.cpp" />
		<Unit filename="MessageDispatcher.h" />
		<Unit filename="MessageTypes.h" />
		<Unit filename="Miner.cpp" />
		<Unit filename="Miner.h" />
		<Unit filename="MinerOwnedStates.cpp" />
		<Unit filename="MinerOwnedStates.h" />
		<Unit filename="MinersWife.cpp" />
		<Unit filename="MinersWife.h" />
		<Unit filename="MinersWifeOwnedStates.cpp" />
		<Unit filename="MinersWifeOwnedStates.h" />
		<Unit filename="main.cpp" />
		<Extensions>
			<code_completion />
			<envvars />
			<debugger />
		</Extensions>
	</Project>
</CodeBlocks_project_file>
